github.com/go-audio/audio v1.0.0 h1:zS9vebldgbQqktK4H0lUqWrG8P0NxCJVqcj7ZpNnwd4=
github.com/go-audio/audio v1.0.0/go.mod h1:6uAu0+H2lHkwdGsAY+j2wHPNPpPoeg5AaEFh9FlA+Zs=
github.com/go-audio/riff v1.0.0 h1:d8iCGbDvox9BfLagY94fBynxSPHO80LmZCaOsmKxokA=
github.com/go-audio/riff v1.0.0/go.mod h1:l3cQwc85y79NQFCRB7TiPoNiaijp6q8Z0Uv38rVG498=
github.com/go-audio/wav v1.1.0 h1:jQgLtbqBzY7G+BM8fXF7AHUk1uHUviWS4X39d5rsL2g=
github.com/go-audio/wav v1.1.0/go.mod h1:mpe9qfwbScEbkd8uybLuIpTgHyrISw/OTuvjUW2iGtE=
scientificgo.org/fft v0.0.0 h1:8nq6H5e0HY9ba+aie7+vz8an5xdBQZ7a2rnyZ3iQCHo=
scientificgo.org/fft v0.0.0/go.mod h1:RAwyHm5LB0BYJ5LcHBZO6wo2brPH2kuIFLgC0P+O260=
scientificgo.org/testutil v0.0.0 h1:y356DHRo0tAz9zIFmxlhZoKDlHPHaWW/DCm9k3PhIMA=
scientificgo.org/testutil v0.0.0/go.mod h1:Go6R4b+9YkFocMo3H3vNQ7tjbrX9Rc12wal7NZjvPXg=
